PODS:
  - Alamofire (4.6.0)
  - GoogleToolboxForMac/Defines (2.1.0)
  - GoogleToolboxForMac/Logger (2.1.0):
    - GoogleToolboxForMac/Defines (= 2.1.0)
  - GTMSessionFetcher/Core (1.1.6)
  - GVRKit (1.120.0):
    - GVRSDK (= 1.120.0)
  - GVRSDK (1.120.0):
    - GoogleToolboxForMac/Logger (= 2.1.0)
    - GTMSessionFetcher/Core (= 1.1.6)

DEPENDENCIES:
  - Alamofire (~> 4.5)
  - GVRKit

SPEC CHECKSUMS:
  Alamofire: f41a599bd63041760b26d393ec1069d9d7b917f4
  GoogleToolboxForMac: 2b2596cbb7186865e98cadf2b1e262d851c2b168
  GTMSessionFetcher: 6aacd0ab48ddf0c3633ab2642d792abfcad1b08a
  GVRKit: 424e48fafa9f8a6249a14ffda48d2f1dbe3d9def
  GVRSDK: 0cb9d0ce06a84d698e61e3db9509766022dcf815

PODFILE CHECKSUM: a928fed32156889ab789f70770feecd020459d21

COCOAPODS: 1.4.0
