// !$*UTF8*$!
{
	archiveVersion = 1;
	classes = {
	};
	objectVersion = 48;
	objects = {

/* Begin PBXBuildFile section */
		14AB8B8E1FDE857D00DECEEC /* AppDelegate.swift in Sources */ = {isa = PBXBuildFile; fileRef = 14AB8B8D1FDE857D00DECEEC /* AppDelegate.swift */; };
		14AB8B951FDE857D00DECEEC /* Main.storyboard in Resources */ = {isa = PBXBuildFile; fileRef = 14AB8B931FDE857D00DECEEC /* Main.storyboard */; };
		14AB8B971FDE857D00DECEEC /* Assets.xcassets in Resources */ = {isa = PBXBuildFile; fileRef = 14AB8B961FDE857D00DECEEC /* Assets.xcassets */; };
		14AB8B9A1FDE857D00DECEEC /* LaunchScreen.storyboard in Resources */ = {isa = PBXBuildFile; fileRef = 14AB8B981FDE857D00DECEEC /* LaunchScreen.storyboard */; };
		14AB8BA51FDE857D00DECEEC /* LodeStarTests.swift in Sources */ = {isa = PBXBuildFile; fileRef = 14AB8BA41FDE857D00DECEEC /* LodeStarTests.swift */; };
		14AB8BB01FDE857D00DECEEC /* LodeStarUITests.swift in Sources */ = {isa = PBXBuildFile; fileRef = 14AB8BAF1FDE857D00DECEEC /* LodeStarUITests.swift */; };
		14AB8BC91FDEA31F00DECEEC /* 003-departures.pdf in Resources */ = {isa = PBXBuildFile; fileRef = 14AB8BC41FDEA31F00DECEEC /* 003-departures.pdf */; };
		14AB8BCA1FDEA31F00DECEEC /* 003-user.pdf in Resources */ = {isa = PBXBuildFile; fileRef = 14AB8BC51FDEA31F00DECEEC /* 003-user.pdf */; };
		14AB8BCB1FDEA31F00DECEEC /* 002-star.pdf in Resources */ = {isa = PBXBuildFile; fileRef = 14AB8BC61FDEA31F00DECEEC /* 002-star.pdf */; };
		14AB8BCC1FDEA31F00DECEEC /* 004-homepage.pdf in Resources */ = {isa = PBXBuildFile; fileRef = 14AB8BC71FDEA31F00DECEEC /* 004-homepage.pdf */; };
		14AB8BCD1FDEA31F00DECEEC /* 001-time.pdf in Resources */ = {isa = PBXBuildFile; fileRef = 14AB8BC81FDEA31F00DECEEC /* 001-time.pdf */; };
		14AB8BCF1FDEA97E00DECEEC /* HomeViewController.swift in Sources */ = {isa = PBXBuildFile; fileRef = 14AB8BCE1FDEA97E00DECEEC /* HomeViewController.swift */; };
		14AB8BD11FDEA9E500DECEEC /* TripViewController.swift in Sources */ = {isa = PBXBuildFile; fileRef = 14AB8BD01FDEA9E500DECEEC /* TripViewController.swift */; };
		14AB8BD31FDEA9F500DECEEC /* HistoryViewController.swift in Sources */ = {isa = PBXBuildFile; fileRef = 14AB8BD21FDEA9F500DECEEC /* HistoryViewController.swift */; };
		14AB8BD51FDEAA0500DECEEC /* FavoritesViewController.swift in Sources */ = {isa = PBXBuildFile; fileRef = 14AB8BD41FDEAA0500DECEEC /* FavoritesViewController.swift */; };
		14AB8BD71FDEAA1800DECEEC /* MeViewController.swift in Sources */ = {isa = PBXBuildFile; fileRef = 14AB8BD61FDEAA1800DECEEC /* MeViewController.swift */; };
/* End PBXBuildFile section */

/* Begin PBXContainerItemProxy section */
		14AB8BA11FDE857D00DECEEC /* PBXContainerItemProxy */ = {
			isa = PBXContainerItemProxy;
			containerPortal = 14AB8B821FDE857D00DECEEC /* Project object */;
			proxyType = 1;
			remoteGlobalIDString = 14AB8B891FDE857D00DECEEC;
			remoteInfo = LodeStar;
		};
		14AB8BAC1FDE857D00DECEEC /* PBXContainerItemProxy */ = {
			isa = PBXContainerItemProxy;
			containerPortal = 14AB8B821FDE857D00DECEEC /* Project object */;
			proxyType = 1;
			remoteGlobalIDString = 14AB8B891FDE857D00DECEEC;
			remoteInfo = LodeStar;
		};
/* End PBXContainerItemProxy section */

/* Begin PBXFileReference section */
		14AB8B8A1FDE857D00DECEEC /* LodeStar.app */ = {isa = PBXFileReference; explicitFileType = wrapper.application; includeInIndex = 0; path = LodeStar.app; sourceTree = BUILT_PRODUCTS_DIR; };
		14AB8B8D1FDE857D00DECEEC /* AppDelegate.swift */ = {isa = PBXFileReference; lastKnownFileType = sourcecode.swift; path = AppDelegate.swift; sourceTree = "<group>"; };
		14AB8B941FDE857D00DECEEC /* Base */ = {isa = PBXFileReference; lastKnownFileType = file.storyboard; name = Base; path = Base.lproj/Main.storyboard; sourceTree = "<group>"; };
		14AB8B961FDE857D00DECEEC /* Assets.xcassets */ = {isa = PBXFileReference; lastKnownFileType = folder.assetcatalog; path = Assets.xcassets; sourceTree = "<group>"; };
		14AB8B991FDE857D00DECEEC /* Base */ = {isa = PBXFileReference; lastKnownFileType = file.storyboard; name = Base; path = Base.lproj/LaunchScreen.storyboard; sourceTree = "<group>"; };
		14AB8B9B1FDE857D00DECEEC /* Info.plist */ = {isa = PBXFileReference; lastKnownFileType = text.plist.xml; path = Info.plist; sourceTree = "<group>"; };
		14AB8BA01FDE857D00DECEEC /* LodeStarTests.xctest */ = {isa = PBXFileReference; explicitFileType = wrapper.cfbundle; includeInIndex = 0; path = LodeStarTests.xctest; sourceTree = BUILT_PRODUCTS_DIR; };
		14AB8BA41FDE857D00DECEEC /* LodeStarTests.swift */ = {isa = PBXFileReference; lastKnownFileType = sourcecode.swift; path = LodeStarTests.swift; sourceTree = "<group>"; };
		14AB8BA61FDE857D00DECEEC /* Info.plist */ = {isa = PBXFileReference; lastKnownFileType = text.plist.xml; path = Info.plist; sourceTree = "<group>"; };
		14AB8BAB1FDE857D00DECEEC /* LodeStarUITests.xctest */ = {isa = PBXFileReference; explicitFileType = wrapper.cfbundle; includeInIndex = 0; path = LodeStarUITests.xctest; sourceTree = BUILT_PRODUCTS_DIR; };
		14AB8BAF1FDE857D00DECEEC /* LodeStarUITests.swift */ = {isa = PBXFileReference; lastKnownFileType = sourcecode.swift; path = LodeStarUITests.swift; sourceTree = "<group>"; };
		14AB8BB11FDE857D00DECEEC /* Info.plist */ = {isa = PBXFileReference; lastKnownFileType = text.plist.xml; path = Info.plist; sourceTree = "<group>"; };
		14AB8BC41FDEA31F00DECEEC /* 003-departures.pdf */ = {isa = PBXFileReference; lastKnownFileType = image.pdf; path = "003-departures.pdf"; sourceTree = "<group>"; };
		14AB8BC51FDEA31F00DECEEC /* 003-user.pdf */ = {isa = PBXFileReference; lastKnownFileType = image.pdf; path = "003-user.pdf"; sourceTree = "<group>"; };
		14AB8BC61FDEA31F00DECEEC /* 002-star.pdf */ = {isa = PBXFileReference; lastKnownFileType = image.pdf; path = "002-star.pdf"; sourceTree = "<group>"; };
		14AB8BC71FDEA31F00DECEEC /* 004-homepage.pdf */ = {isa = PBXFileReference; lastKnownFileType = image.pdf; path = "004-homepage.pdf"; sourceTree = "<group>"; };
		14AB8BC81FDEA31F00DECEEC /* 001-time.pdf */ = {isa = PBXFileReference; lastKnownFileType = image.pdf; path = "001-time.pdf"; sourceTree = "<group>"; };
		14AB8BCE1FDEA97E00DECEEC /* HomeViewController.swift */ = {isa = PBXFileReference; lastKnownFileType = sourcecode.swift; path = HomeViewController.swift; sourceTree = "<group>"; };
		14AB8BD01FDEA9E500DECEEC /* TripViewController.swift */ = {isa = PBXFileReference; lastKnownFileType = sourcecode.swift; path = TripViewController.swift; sourceTree = "<group>"; };
		14AB8BD21FDEA9F500DECEEC /* HistoryViewController.swift */ = {isa = PBXFileReference; lastKnownFileType = sourcecode.swift; path = HistoryViewController.swift; sourceTree = "<group>"; };
		14AB8BD41FDEAA0500DECEEC /* FavoritesViewController.swift */ = {isa = PBXFileReference; lastKnownFileType = sourcecode.swift; path = FavoritesViewController.swift; sourceTree = "<group>"; };
		14AB8BD61FDEAA1800DECEEC /* MeViewController.swift */ = {isa = PBXFileReference; lastKnownFileType = sourcecode.swift; path = MeViewController.swift; sourceTree = "<group>"; };
/* End PBXFileReference section */

/* Begin PBXFrameworksBuildPhase section */
		14AB8B871FDE857D00DECEEC /* Frameworks */ = {
			isa = PBXFrameworksBuildPhase;
			buildActionMask = 2147483647;
			files = (
			);
			runOnlyForDeploymentPostprocessing = 0;
		};
		14AB8B9D1FDE857D00DECEEC /* Frameworks */ = {
			isa = PBXFrameworksBuildPhase;
			buildActionMask = 2147483647;
			files = (
			);
			runOnlyForDeploymentPostprocessing = 0;
		};
		14AB8BA81FDE857D00DECEEC /* Frameworks */ = {
			isa = PBXFrameworksBuildPhase;
			buildActionMask = 2147483647;
			files = (
			);
			runOnlyForDeploymentPostprocessing = 0;
		};
/* End PBXFrameworksBuildPhase section */

/* Begin PBXGroup section */
		14AB8B811FDE857D00DECEEC = {
			isa = PBXGroup;
			children = (
				14AB8BBF1FDE9E4D00DECEEC /* Images */,
				14AB8B8C1FDE857D00DECEEC /* LodeStar */,
				14AB8BA31FDE857D00DECEEC /* LodeStarTests */,
				14AB8BAE1FDE857D00DECEEC /* LodeStarUITests */,
				14AB8B8B1FDE857D00DECEEC /* Products */,
			);
			sourceTree = "<group>";
		};
		14AB8B8B1FDE857D00DECEEC /* Products */ = {
			isa = PBXGroup;
			children = (
				14AB8B8A1FDE857D00DECEEC /* LodeStar.app */,
				14AB8BA01FDE857D00DECEEC /* LodeStarTests.xctest */,
				14AB8BAB1FDE857D00DECEEC /* LodeStarUITests.xctest */,
			);
			name = Products;
			sourceTree = "<group>";
		};
		14AB8B8C1FDE857D00DECEEC /* LodeStar */ = {
			isa = PBXGroup;
			children = (
				14AB8B8D1FDE857D00DECEEC /* AppDelegate.swift */,
				14AB8B931FDE857D00DECEEC /* Main.storyboard */,
				14AB8B961FDE857D00DECEEC /* Assets.xcassets */,
				14AB8B981FDE857D00DECEEC /* LaunchScreen.storyboard */,
				14AB8B9B1FDE857D00DECEEC /* Info.plist */,
				14AB8BCE1FDEA97E00DECEEC /* HomeViewController.swift */,
				14AB8BD01FDEA9E500DECEEC /* TripViewController.swift */,
				14AB8BD21FDEA9F500DECEEC /* HistoryViewController.swift */,
				14AB8BD41FDEAA0500DECEEC /* FavoritesViewController.swift */,
				14AB8BD61FDEAA1800DECEEC /* MeViewController.swift */,
			);
			path = LodeStar;
			sourceTree = "<group>";
		};
		14AB8BA31FDE857D00DECEEC /* LodeStarTests */ = {
			isa = PBXGroup;
			children = (
				14AB8BA41FDE857D00DECEEC /* LodeStarTests.swift */,
				14AB8BA61FDE857D00DECEEC /* Info.plist */,
			);
			path = LodeStarTests;
			sourceTree = "<group>";
		};
		14AB8BAE1FDE857D00DECEEC /* LodeStarUITests */ = {
			isa = PBXGroup;
			children = (
				14AB8BAF1FDE857D00DECEEC /* LodeStarUITests.swift */,
				14AB8BB11FDE857D00DECEEC /* Info.plist */,
			);
			path = LodeStarUITests;
			sourceTree = "<group>";
		};
		14AB8BBF1FDE9E4D00DECEEC /* Images */ = {
			isa = PBXGroup;
			children = (
				14AB8BC81FDEA31F00DECEEC /* 001-time.pdf */,
				14AB8BC61FDEA31F00DECEEC /* 002-star.pdf */,
				14AB8BC41FDEA31F00DECEEC /* 003-departures.pdf */,
				14AB8BC51FDEA31F00DECEEC /* 003-user.pdf */,
				14AB8BC71FDEA31F00DECEEC /* 004-homepage.pdf */,
			);
			path = Images;
			sourceTree = "<group>";
		};
/* End PBXGroup section */

/* Begin PBXNativeTarget section */
		14AB8B891FDE857D00DECEEC /* LodeStar */ = {
			isa = PBXNativeTarget;
			buildConfigurationList = 14AB8BB41FDE857D00DECEEC /* Build configuration list for PBXNativeTarget "LodeStar" */;
			buildPhases = (
				14AB8B861FDE857D00DECEEC /* Sources */,
				14AB8B871FDE857D00DECEEC /* Frameworks */,
				14AB8B881FDE857D00DECEEC /* Resources */,
			);
			buildRules = (
			);
			dependencies = (
			);
			name = LodeStar;
			productName = LodeStar;
			productReference = 14AB8B8A1FDE857D00DECEEC /* LodeStar.app */;
			productType = "com.apple.product-type.application";
		};
		14AB8B9F1FDE857D00DECEEC /* LodeStarTests */ = {
			isa = PBXNativeTarget;
			buildConfigurationList = 14AB8BB71FDE857D00DECEEC /* Build configuration list for PBXNativeTarget "LodeStarTests" */;
			buildPhases = (
				14AB8B9C1FDE857D00DECEEC /* Sources */,
				14AB8B9D1FDE857D00DECEEC /* Frameworks */,
				14AB8B9E1FDE857D00DECEEC /* Resources */,
			);
			buildRules = (
			);
			dependencies = (
				14AB8BA21FDE857D00DECEEC /* PBXTargetDependency */,
			);
			name = LodeStarTests;
			productName = LodeStarTests;
			productReference = 14AB8BA01FDE857D00DECEEC /* LodeStarTests.xctest */;
			productType = "com.apple.product-type.bundle.unit-test";
		};
		14AB8BAA1FDE857D00DECEEC /* LodeStarUITests */ = {
			isa = PBXNativeTarget;
			buildConfigurationList = 14AB8BBA1FDE857D00DECEEC /* Build configuration list for PBXNativeTarget "LodeStarUITests" */;
			buildPhases = (
				14AB8BA71FDE857D00DECEEC /* Sources */,
				14AB8BA81FDE857D00DECEEC /* Frameworks */,
				14AB8BA91FDE857D00DECEEC /* Resources */,
			);
			buildRules = (
			);
			dependencies = (
				14AB8BAD1FDE857D00DECEEC /* PBXTargetDependency */,
			);
			name = LodeStarUITests;
			productName = LodeStarUITests;
			productReference = 14AB8BAB1FDE857D00DECEEC /* LodeStarUITests.xctest */;
			productType = "com.apple.product-type.bundle.ui-testing";
		};
/* End PBXNativeTarget section */

/* Begin PBXProject section */
		14AB8B821FDE857D00DECEEC /* Project object */ = {
			isa = PBXProject;
			attributes = {
				LastSwiftUpdateCheck = 0920;
				LastUpgradeCheck = 0920;
				ORGANIZATIONNAME = CrackerJack;
				TargetAttributes = {
					14AB8B891FDE857D00DECEEC = {
						CreatedOnToolsVersion = 9.2;
						ProvisioningStyle = Automatic;
					};
					14AB8B9F1FDE857D00DECEEC = {
						CreatedOnToolsVersion = 9.2;
						ProvisioningStyle = Automatic;
						TestTargetID = 14AB8B891FDE857D00DECEEC;
					};
					14AB8BAA1FDE857D00DECEEC = {
						CreatedOnToolsVersion = 9.2;
						ProvisioningStyle = Automatic;
						TestTargetID = 14AB8B891FDE857D00DECEEC;
					};
				};
			};
			buildConfigurationList = 14AB8B851FDE857D00DECEEC /* Build configuration list for PBXProject "LodeStar" */;
			compatibilityVersion = "Xcode 8.0";
			developmentRegion = en;
			hasScannedForEncodings = 0;
			knownRegions = (
				en,
				Base,
			);
			mainGroup = 14AB8B811FDE857D00DECEEC;
			productRefGroup = 14AB8B8B1FDE857D00DECEEC /* Products */;
			projectDirPath = "";
			projectRoot = "";
			targets = (
				14AB8B891FDE857D00DECEEC /* LodeStar */,
				14AB8B9F1FDE857D00DECEEC /* LodeStarTests */,
				14AB8BAA1FDE857D00DECEEC /* LodeStarUITests */,
			);
		};
/* End PBXProject section */

/* Begin PBXResourcesBuildPhase section */
		14AB8B881FDE857D00DECEEC /* Resources */ = {
			isa = PBXResourcesBuildPhase;
			buildActionMask = 2147483647;
			files = (
				14AB8B9A1FDE857D00DECEEC /* LaunchScreen.storyboard in Resources */,
				14AB8BCD1FDEA31F00DECEEC /* 001-time.pdf in Resources */,
				14AB8BC91FDEA31F00DECEEC /* 003-departures.pdf in Resources */,
				14AB8BCC1FDEA31F00DECEEC /* 004-homepage.pdf in Resources */,
				14AB8B971FDE857D00DECEEC /* Assets.xcassets in Resources */,
				14AB8BCB1FDEA31F00DECEEC /* 002-star.pdf in Resources */,
				14AB8BCA1FDEA31F00DECEEC /* 003-user.pdf in Resources */,
				14AB8B951FDE857D00DECEEC /* Main.storyboard in Resources */,
			);
			runOnlyForDeploymentPostprocessing = 0;
		};
		14AB8B9E1FDE857D00DECEEC /* Resources */ = {
			isa = PBXResourcesBuildPhase;
			buildActionMask = 2147483647;
			files = (
			);
			runOnlyForDeploymentPostprocessing = 0;
		};
		14AB8BA91FDE857D00DECEEC /* Resources */ = {
			isa = PBXResourcesBuildPhase;
			buildActionMask = 2147483647;
			files = (
			);
			runOnlyForDeploymentPostprocessing = 0;
		};
/* End PBXResourcesBuildPhase section */

/* Begin PBXSourcesBuildPhase section */
		14AB8B861FDE857D00DECEEC /* Sources */ = {
			isa = PBXSourcesBuildPhase;
			buildActionMask = 2147483647;
			files = (
				14AB8BD71FDEAA1800DECEEC /* MeViewController.swift in Sources */,
				14AB8BD11FDEA9E500DECEEC /* TripViewController.swift in Sources */,
				14AB8B8E1FDE857D00DECEEC /* AppDelegate.swift in Sources */,
				14AB8BD31FDEA9F500DECEEC /* HistoryViewController.swift in Sources */,
				14AB8BD51FDEAA0500DECEEC /* FavoritesViewController.swift in Sources */,
				14AB8BCF1FDEA97E00DECEEC /* HomeViewController.swift in Sources */,
			);
			runOnlyForDeploymentPostprocessing = 0;
		};
		14AB8B9C1FDE857D00DECEEC /* Sources */ = {
			isa = PBXSourcesBuildPhase;
			buildActionMask = 2147483647;
			files = (
				14AB8BA51FDE857D00DECEEC /* LodeStarTests.swift in Sources */,
			);
			runOnlyForDeploymentPostprocessing = 0;
		};
		14AB8BA71FDE857D00DECEEC /* Sources */ = {
			isa = PBXSourcesBuildPhase;
			buildActionMask = 2147483647;
			files = (
				14AB8BB01FDE857D00DECEEC /* LodeStarUITests.swift in Sources */,
			);
			runOnlyForDeploymentPostprocessing = 0;
		};
/* End PBXSourcesBuildPhase section */

/* Begin PBXTargetDependency section */
		14AB8BA21FDE857D00DECEEC /* PBXTargetDependency */ = {
			isa = PBXTargetDependency;
			target = 14AB8B891FDE857D00DECEEC /* LodeStar */;
			targetProxy = 14AB8BA11FDE857D00DECEEC /* PBXContainerItemProxy */;
		};
		14AB8BAD1FDE857D00DECEEC /* PBXTargetDependency */ = {
			isa = PBXTargetDependency;
			target = 14AB8B891FDE857D00DECEEC /* LodeStar */;
			targetProxy = 14AB8BAC1FDE857D00DECEEC /* PBXContainerItemProxy */;
		};
/* End PBXTargetDependency section */

/* Begin PBXVariantGroup section */
		14AB8B931FDE857D00DECEEC /* Main.storyboard */ = {
			isa = PBXVariantGroup;
			children = (
				14AB8B941FDE857D00DECEEC /* Base */,
			);
			name = Main.storyboard;
			sourceTree = "<group>";
		};
		14AB8B981FDE857D00DECEEC /* LaunchScreen.storyboard */ = {
			isa = PBXVariantGroup;
			children = (
				14AB8B991FDE857D00DECEEC /* Base */,
			);
			name = LaunchScreen.storyboard;
			sourceTree = "<group>";
		};
/* End PBXVariantGroup section */

/* Begin XCBuildConfiguration section */
		14AB8BB21FDE857D00DECEEC /* Debug */ = {
			isa = XCBuildConfiguration;
			buildSettings = {
				ALWAYS_SEARCH_USER_PATHS = NO;
				CLANG_ANALYZER_NONNULL = YES;
				CLANG_ANALYZER_NUMBER_OBJECT_CONVERSION = YES_AGGRESSIVE;
				CLANG_CXX_LANGUAGE_STANDARD = "gnu++14";
				CLANG_CXX_LIBRARY = "libc++";
				CLANG_ENABLE_MODULES = YES;
				CLANG_ENABLE_OBJC_ARC = YES;
				CLANG_WARN_BLOCK_CAPTURE_AUTORELEASING = YES;
				CLANG_WARN_BOOL_CONVERSION = YES;
				CLANG_WARN_COMMA = YES;
				CLANG_WARN_CONSTANT_CONVERSION = YES;
				CLANG_WARN_DIRECT_OBJC_ISA_USAGE = YES_ERROR;
				CLANG_WARN_DOCUMENTATION_COMMENTS = YES;
				CLANG_WARN_EMPTY_BODY = YES;
				CLANG_WARN_ENUM_CONVERSION = YES;
				CLANG_WARN_INFINITE_RECURSION = YES;
				CLANG_WARN_INT_CONVERSION = YES;
				CLANG_WARN_NON_LITERAL_NULL_CONVERSION = YES;
				CLANG_WARN_OBJC_LITERAL_CONVERSION = YES;
				CLANG_WARN_OBJC_ROOT_CLASS = YES_ERROR;
				CLANG_WARN_RANGE_LOOP_ANALYSIS = YES;
				CLANG_WARN_STRICT_PROTOTYPES = YES;
				CLANG_WARN_SUSPICIOUS_MOVE = YES;
				CLANG_WARN_UNGUARDED_AVAILABILITY = YES_AGGRESSIVE;
				CLANG_WARN_UNREACHABLE_CODE = YES;
				CLANG_WARN__DUPLICATE_METHOD_MATCH = YES;
				CODE_SIGN_IDENTITY = "iPhone Developer";
				COPY_PHASE_STRIP = NO;
				DEBUG_INFORMATION_FORMAT = dwarf;
				ENABLE_STRICT_OBJC_MSGSEND = YES;
				ENABLE_TESTABILITY = YES;
				GCC_C_LANGUAGE_STANDARD = gnu11;
				GCC_DYNAMIC_NO_PIC = NO;
				GCC_NO_COMMON_BLOCKS = YES;
				GCC_OPTIMIZATION_LEVEL = 0;
				GCC_PREPROCESSOR_DEFINITIONS = (
					"DEBUG=1",
					"$(inherited)",
				);
				GCC_WARN_64_TO_32_BIT_CONVERSION = YES;
				GCC_WARN_ABOUT_RETURN_TYPE = YES_ERROR;
				GCC_WARN_UNDECLARED_SELECTOR = YES;
				GCC_WARN_UNINITIALIZED_AUTOS = YES_AGGRESSIVE;
				GCC_WARN_UNUSED_FUNCTION = YES;
				GCC_WARN_UNUSED_VARIABLE = YES;
				IPHONEOS_DEPLOYMENT_TARGET = 11.2;
				MTL_ENABLE_DEBUG_INFO = YES;
				ONLY_ACTIVE_ARCH = YES;
				SDKROOT = iphoneos;
				SWIFT_ACTIVE_COMPILATION_CONDITIONS = DEBUG;
				SWIFT_OPTIMIZATION_LEVEL = "-Onone";
			};
			name = Debug;
		};
		14AB8BB31FDE857D00DECEEC /* Release */ = {
			isa = XCBuildConfiguration;
			buildSettings = {
				ALWAYS_SEARCH_USER_PATHS = NO;
				CLANG_ANALYZER_NONNULL = YES;
				CLANG_ANALYZER_NUMBER_OBJECT_CONVERSION = YES_AGGRESSIVE;
				CLANG_CXX_LANGUAGE_STANDARD = "gnu++14";
				CLANG_CXX_LIBRARY = "libc++";
				CLANG_ENABLE_MODULES = YES;
				CLANG_ENABLE_OBJC_ARC = YES;
				CLANG_WARN_BLOCK_CAPTURE_AUTORELEASING = YES;
				CLANG_WARN_BOOL_CONVERSION = YES;
				CLANG_WARN_COMMA = YES;
				CLANG_WARN_CONSTANT_CONVERSION = YES;
				CLANG_WARN_DIRECT_OBJC_ISA_USAGE = YES_ERROR;
				CLANG_WARN_DOCUMENTATION_COMMENTS = YES;
				CLANG_WARN_EMPTY_BODY = YES;
				CLANG_WARN_ENUM_CONVERSION = YES;
				CLANG_WARN_INFINITE_RECURSION = YES;
				CLANG_WARN_INT_CONVERSION = YES;
				CLANG_WARN_NON_LITERAL_NULL_CONVERSION = YES;
				CLANG_WARN_OBJC_LITERAL_CONVERSION = YES;
				CLANG_WARN_OBJC_ROOT_CLASS = YES_ERROR;
				CLANG_WARN_RANGE_LOOP_ANALYSIS = YES;
				CLANG_WARN_STRICT_PROTOTYPES = YES;
				CLANG_WARN_SUSPICIOUS_MOVE = YES;
				CLANG_WARN_UNGUARDED_AVAILABILITY = YES_AGGRESSIVE;
				CLANG_WARN_UNREACHABLE_CODE = YES;
				CLANG_WARN__DUPLICATE_METHOD_MATCH = YES;
				CODE_SIGN_IDENTITY = "iPhone Developer";
				COPY_PHASE_STRIP = NO;
				DEBUG_INFORMATION_FORMAT = "dwarf-with-dsym";
				ENABLE_NS_ASSERTIONS = NO;
				ENABLE_STRICT_OBJC_MSGSEND = YES;
				GCC_C_LANGUAGE_STANDARD = gnu11;
				GCC_NO_COMMON_BLOCKS = YES;
				GCC_WARN_64_TO_32_BIT_CONVERSION = YES;
				GCC_WARN_ABOUT_RETURN_TYPE = YES_ERROR;
				GCC_WARN_UNDECLARED_SELECTOR = YES;
				GCC_WARN_UNINITIALIZED_AUTOS = YES_AGGRESSIVE;
				GCC_WARN_UNUSED_FUNCTION = YES;
				GCC_WARN_UNUSED_VARIABLE = YES;
				IPHONEOS_DEPLOYMENT_TARGET = 11.2;
				MTL_ENABLE_DEBUG_INFO = NO;
				SDKROOT = iphoneos;
				SWIFT_OPTIMIZATION_LEVEL = "-Owholemodule";
				VALIDATE_PRODUCT = YES;
			};
			name = Release;
		};
		14AB8BB51FDE857D00DECEEC /* Debug */ = {
			isa = XCBuildConfiguration;
			buildSettings = {
				ASSETCATALOG_COMPILER_APPICON_NAME = AppIcon;
				CODE_SIGN_STYLE = Automatic;
				DEVELOPMENT_TEAM = 84BN7PWNQH;
				INFOPLIST_FILE = LodeStar/Info.plist;
				LD_RUNPATH_SEARCH_PATHS = "$(inherited) @executable_path/Frameworks";
				PRODUCT_BUNDLE_IDENTIFIER = lodestar.LodeStar;
				PRODUCT_NAME = "$(TARGET_NAME)";
				SWIFT_VERSION = 4.0;
				TARGETED_DEVICE_FAMILY = "1,2";
			};
			name = Debug;
		};
		14AB8BB61FDE857D00DECEEC /* Release */ = {
			isa = XCBuildConfiguration;
			buildSettings = {
				ASSETCATALOG_COMPILER_APPICON_NAME = AppIcon;
				CODE_SIGN_STYLE = Automatic;
				DEVELOPMENT_TEAM = 84BN7PWNQH;
				INFOPLIST_FILE = LodeStar/Info.plist;
				LD_RUNPATH_SEARCH_PATHS = "$(inherited) @executable_path/Frameworks";
				PRODUCT_BUNDLE_IDENTIFIER = lodestar.LodeStar;
				PRODUCT_NAME = "$(TARGET_NAME)";
				SWIFT_VERSION = 4.0;
				TARGETED_DEVICE_FAMILY = "1,2";
			};
			name = Release;
		};
		14AB8BB81FDE857D00DECEEC /* Debug */ = {
			isa = XCBuildConfiguration;
			buildSettings = {
				ALWAYS_EMBED_SWIFT_STANDARD_LIBRARIES = YES;
				BUNDLE_LOADER = "$(TEST_HOST)";
				CODE_SIGN_STYLE = Automatic;
				DEVELOPMENT_TEAM = 84BN7PWNQH;
				INFOPLIST_FILE = LodeStarTests/Info.plist;
				LD_RUNPATH_SEARCH_PATHS = "$(inherited) @executable_path/Frameworks @loader_path/Frameworks";
				PRODUCT_BUNDLE_IDENTIFIER = lodestar.LodeStarTests;
				PRODUCT_NAME = "$(TARGET_NAME)";
				SWIFT_VERSION = 4.0;
				TARGETED_DEVICE_FAMILY = "1,2";
				TEST_HOST = "$(BUILT_PRODUCTS_DIR)/LodeStar.app/LodeStar";
			};
			name = Debug;
		};
		14AB8BB91FDE857D00DECEEC /* Release */ = {
			isa = XCBuildConfiguration;
			buildSettings = {
				ALWAYS_EMBED_SWIFT_STANDARD_LIBRARIES = YES;
				BUNDLE_LOADER = "$(TEST_HOST)";
				CODE_SIGN_STYLE = Automatic;
				DEVELOPMENT_TEAM = 84BN7PWNQH;
				INFOPLIST_FILE = LodeStarTests/Info.plist;
				LD_RUNPATH_SEARCH_PATHS = "$(inherited) @executable_path/Frameworks @loader_path/Frameworks";
				PRODUCT_BUNDLE_IDENTIFIER = lodestar.LodeStarTests;
				PRODUCT_NAME = "$(TARGET_NAME)";
				SWIFT_VERSION = 4.0;
				TARGETED_DEVICE_FAMILY = "1,2";
				TEST_HOST = "$(BUILT_PRODUCTS_DIR)/LodeStar.app/LodeStar";
			};
			name = Release;
		};
		14AB8BBB1FDE857D00DECEEC /* Debug */ = {
			isa = XCBuildConfiguration;
			buildSettings = {
				ALWAYS_EMBED_SWIFT_STANDARD_LIBRARIES = YES;
				CODE_SIGN_STYLE = Automatic;
				DEVELOPMENT_TEAM = 84BN7PWNQH;
				INFOPLIST_FILE = LodeStarUITests/Info.plist;
				LD_RUNPATH_SEARCH_PATHS = "$(inherited) @executable_path/Frameworks @loader_path/Frameworks";
				PRODUCT_BUNDLE_IDENTIFIER = lodestar.LodeStarUITests;
				PRODUCT_NAME = "$(TARGET_NAME)";
				SWIFT_VERSION = 4.0;
				TARGETED_DEVICE_FAMILY = "1,2";
				TEST_TARGET_NAME = LodeStar;
			};
			name = Debug;
		};
		14AB8BBC1FDE857D00DECEEC /* Release */ = {
			isa = XCBuildConfiguration;
			buildSettings = {
				ALWAYS_EMBED_SWIFT_STANDARD_LIBRARIES = YES;
				CODE_SIGN_STYLE = Automatic;
				DEVELOPMENT_TEAM = 84BN7PWNQH;
				INFOPLIST_FILE = LodeStarUITests/Info.plist;
				LD_RUNPATH_SEARCH_PATHS = "$(inherited) @executable_path/Frameworks @loader_path/Frameworks";
				PRODUCT_BUNDLE_IDENTIFIER = lodestar.LodeStarUITests;
				PRODUCT_NAME = "$(TARGET_NAME)";
				SWIFT_VERSION = 4.0;
				TARGETED_DEVICE_FAMILY = "1,2";
				TEST_TARGET_NAME = LodeStar;
			};
			name = Release;
		};
/* End XCBuildConfiguration section */

/* Begin XCConfigurationList section */
		14AB8B851FDE857D00DECEEC /* Build configuration list for PBXProject "LodeStar" */ = {
			isa = XCConfigurationList;
			buildConfigurations = (
				14AB8BB21FDE857D00DECEEC /* Debug */,
				14AB8BB31FDE857D00DECEEC /* Release */,
			);
			defaultConfigurationIsVisible = 0;
			defaultConfigurationName = Release;
		};
		14AB8BB41FDE857D00DECEEC /* Build configuration list for PBXNativeTarget "LodeStar" */ = {
			isa = XCConfigurationList;
			buildConfigurations = (
				14AB8BB51FDE857D00DECEEC /* Debug */,
				14AB8BB61FDE857D00DECEEC /* Release */,
			);
			defaultConfigurationIsVisible = 0;
			defaultConfigurationName = Release;
		};
		14AB8BB71FDE857D00DECEEC /* Build configuration list for PBXNativeTarget "LodeStarTests" */ = {
			isa = XCConfigurationList;
			buildConfigurations = (
				14AB8BB81FDE857D00DECEEC /* Debug */,
				14AB8BB91FDE857D00DECEEC /* Release */,
			);
			defaultConfigurationIsVisible = 0;
			defaultConfigurationName = Release;
		};
		14AB8BBA1FDE857D00DECEEC /* Build configuration list for PBXNativeTarget "LodeStarUITests" */ = {
			isa = XCConfigurationList;
			buildConfigurations = (
				14AB8BBB1FDE857D00DECEEC /* Debug */,
				14AB8BBC1FDE857D00DECEEC /* Release */,
			);
			defaultConfigurationIsVisible = 0;
			defaultConfigurationName = Release;
		};
/* End XCConfigurationList section */
	};
	rootObject = 14AB8B821FDE857D00DECEEC /* Project object */;
}
